# THIS IS AN AUTOGENERATED FILE. DO NOT EDIT THIS FILE DIRECTLY.
# yarn lockfile v1


eslint-config-prettier@^8.4.0:
  version "8.4.0"
  resolved "https://registry.yarnpkg.com/eslint-config-prettier/-/eslint-config-prettier-8.4.0.tgz#8e6d17c7436649e98c4c2189868562921ef563de"
  integrity sha512-CFotdUcMY18nGRo5KGsnNxpznzhkopOcOo0InID+sgQssPrzjvsyKZPvOgymTFeHrFuC3Tzdf2YndhXtULK9Iw==

prettier@^2.5.1:
  version "2.5.1"
  resolved "https://registry.yarnpkg.com/prettier/-/prettier-2.5.1.tgz#fff75fa9d519c54cf0fce328c1017d94546bc56a"
  integrity sha512-vBZcPRUR5MZJwoyi3ZoyQlc1rXeEck8KgeC9AwwOn+exuxLxq5toTRDTSaVrXHxelDMHy9zlicw8u66yxoSUFg==
